// !$*UTF8*$!
{
	archiveVersion = 1;
	classes = {
	};
	objectVersion = 56;
	objects = {

/* Begin PBXBuildFile section */
		6379A86A2922014900E1DB6E /* LandmarksDetailApp.swift in Sources */ = {isa = PBXBuildFile; fileRef = 6379A8692922014900E1DB6E /* LandmarksDetailApp.swift */; };
		6379A86C2922014900E1DB6E /* ContentView.swift in Sources */ = {isa = PBXBuildFile; fileRef = 6379A86B2922014900E1DB6E /* ContentView.swift */; };
		6379A86E2922014B00E1DB6E /* Assets.xcassets in Resources */ = {isa = PBXBuildFile; fileRef = 6379A86D2922014B00E1DB6E /* Assets.xcassets */; };
		6379A8712922014B00E1DB6E /* Preview Assets.xcassets in Resources */ = {isa = PBXBuildFile; fileRef = 6379A8702922014B00E1DB6E /* Preview Assets.xcassets */; };
		6379A87829220C2600E1DB6E /* CircleImage.swift in Sources */ = {isa = PBXBuildFile; fileRef = 6379A87729220C2600E1DB6E /* CircleImage.swift */; };
		6379A87A2922119600E1DB6E /* MapView.swift in Sources */ = {isa = PBXBuildFile; fileRef = 6379A8792922119600E1DB6E /* MapView.swift */; };
		6379A87C2922170000E1DB6E /* Landmark.swift in Sources */ = {isa = PBXBuildFile; fileRef = 6379A87B2922170000E1DB6E /* Landmark.swift */; };
		6379A87F292218F800E1DB6E /* Data.swift in Sources */ = {isa = PBXBuildFile; fileRef = 6379A87E292218F800E1DB6E /* Data.swift */; };
		6379A88229221A2800E1DB6E /* landmarkData.json in Resources */ = {isa = PBXBuildFile; fileRef = 6379A88129221A2800E1DB6E /* landmarkData.json */; };
		6379A88529221B3900E1DB6E /* LandmarkRow.swift in Sources */ = {isa = PBXBuildFile; fileRef = 6379A88429221B3900E1DB6E /* LandmarkRow.swift */; };
		6379A887292233D800E1DB6E /* LandmarkList.swift in Sources */ = {isa = PBXBuildFile; fileRef = 6379A886292233D800E1DB6E /* LandmarkList.swift */; };
		6379A8892922611000E1DB6E /* LandmarkDetail.swift in Sources */ = {isa = PBXBuildFile; fileRef = 6379A8882922611000E1DB6E /* LandmarkDetail.swift */; };
		6379A88B292277B900E1DB6E /* FavoriteButton.swift in Sources */ = {isa = PBXBuildFile; fileRef = 6379A88A292277B900E1DB6E /* FavoriteButton.swift */; };
		6379A88F2923261900E1DB6E /* HexagonParameters.swift in Sources */ = {isa = PBXBuildFile; fileRef = 6379A88E2923261900E1DB6E /* HexagonParameters.swift */; };
		6379A8912923269100E1DB6E /* BadgeBackground.swift in Sources */ = {isa = PBXBuildFile; fileRef = 6379A8902923269100E1DB6E /* BadgeBackground.swift */; };
		6379A8932923463C00E1DB6E /* BadgeSymbol.swift in Sources */ = {isa = PBXBuildFile; fileRef = 6379A8922923463C00E1DB6E /* BadgeSymbol.swift */; };
		6379A8952923474B00E1DB6E /* RotatedBadgeSymbol.swift in Sources */ = {isa = PBXBuildFile; fileRef = 6379A8942923474B00E1DB6E /* RotatedBadgeSymbol.swift */; };
		6379A8972923509400E1DB6E /* Badge.swift in Sources */ = {isa = PBXBuildFile; fileRef = 6379A8962923509400E1DB6E /* Badge.swift */; };
		6379A89A2923520400E1DB6E /* hikeData.json in Resources */ = {isa = PBXBuildFile; fileRef = 6379A8992923520400E1DB6E /* hikeData.json */; };
		6379A89C2923524F00E1DB6E /* Hike.swift in Sources */ = {isa = PBXBuildFile; fileRef = 6379A89B2923524F00E1DB6E /* Hike.swift */; };
		6379A8A2292354FC00E1DB6E /* GraphCapsule.swift in Sources */ = {isa = PBXBuildFile; fileRef = 6379A89E292354FC00E1DB6E /* GraphCapsule.swift */; };
		6379A8A3292354FC00E1DB6E /* HikeGraph.swift in Sources */ = {isa = PBXBuildFile; fileRef = 6379A89F292354FC00E1DB6E /* HikeGraph.swift */; };
		6379A8A4292354FC00E1DB6E /* HikeDetail.swift in Sources */ = {isa = PBXBuildFile; fileRef = 6379A8A0292354FC00E1DB6E /* HikeDetail.swift */; };
		6379A8A5292354FC00E1DB6E /* HikeView.swift in Sources */ = {isa = PBXBuildFile; fileRef = 6379A8A1292354FC00E1DB6E /* HikeView.swift */; };
/* End PBXBuildFile section */

/* Begin PBXFileReference section */
		6379A8662922014900E1DB6E /* LandmarksDetail.app */ = {isa = PBXFileReference; explicitFileType = wrapper.application; includeInIndex = 0; path = LandmarksDetail.app; sourceTree = BUILT_PRODUCTS_DIR; };
		6379A8692922014900E1DB6E /* LandmarksDetailApp.swift */ = {isa = PBXFileReference; lastKnownFileType = sourcecode.swift; path = LandmarksDetailApp.swift; sourceTree = "<group>"; };
		6379A86B2922014900E1DB6E /* ContentView.swift */ = {isa = PBXFileReference; lastKnownFileType = sourcecode.swift; path = ContentView.swift; sourceTree = "<group>"; };
		6379A86D2922014B00E1DB6E /* Assets.xcassets */ = {isa = PBXFileReference; lastKnownFileType = folder.assetcatalog; path = Assets.xcassets; sourceTree = "<group>"; };
		6379A8702922014B00E1DB6E /* Preview Assets.xcassets */ = {isa = PBXFileReference; lastKnownFileType = folder.assetcatalog; path = "Preview Assets.xcassets"; sourceTree = "<group>"; };
		6379A87729220C2600E1DB6E /* CircleImage.swift */ = {isa = PBXFileReference; lastKnownFileType = sourcecode.swift; path = CircleImage.swift; sourceTree = "<group>"; };
		6379A8792922119600E1DB6E /* MapView.swift */ = {isa = PBXFileReference; lastKnownFileType = sourcecode.swift; path = MapView.swift; sourceTree = "<group>"; };
		6379A87B2922170000E1DB6E /* Landmark.swift */ = {isa = PBXFileReference; lastKnownFileType = sourcecode.swift; path = Landmark.swift; sourceTree = "<group>"; };
		6379A87E292218F800E1DB6E /* Data.swift */ = {isa = PBXFileReference; lastKnownFileType = sourcecode.swift; path = Data.swift; sourceTree = "<group>"; };
		6379A88129221A2800E1DB6E /* landmarkData.json */ = {isa = PBXFileReference; fileEncoding = 4; lastKnownFileType = text.json; path = landmarkData.json; sourceTree = "<group>"; };
		6379A88429221B3900E1DB6E /* LandmarkRow.swift */ = {isa = PBXFileReference; lastKnownFileType = sourcecode.swift; path = LandmarkRow.swift; sourceTree = "<group>"; };
		6379A886292233D800E1DB6E /* LandmarkList.swift */ = {isa = PBXFileReference; lastKnownFileType = sourcecode.swift; path = LandmarkList.swift; sourceTree = "<group>"; };
		6379A8882922611000E1DB6E /* LandmarkDetail.swift */ = {isa = PBXFileReference; lastKnownFileType = sourcecode.swift; path = LandmarkDetail.swift; sourceTree = "<group>"; };
		6379A88A292277B900E1DB6E /* FavoriteButton.swift */ = {isa = PBXFileReference; lastKnownFileType = sourcecode.swift; path = FavoriteButton.swift; sourceTree = "<group>"; };
		6379A88E2923261900E1DB6E /* HexagonParameters.swift */ = {isa = PBXFileReference; lastKnownFileType = sourcecode.swift; path = HexagonParameters.swift; sourceTree = "<group>"; };
		6379A8902923269100E1DB6E /* BadgeBackground.swift */ = {isa = PBXFileReference; lastKnownFileType = sourcecode.swift; path = BadgeBackground.swift; sourceTree = "<group>"; };
		6379A8922923463C00E1DB6E /* BadgeSymbol.swift */ = {isa = PBXFileReference; lastKnownFileType = sourcecode.swift; path = BadgeSymbol.swift; sourceTree = "<group>"; };
		6379A8942923474B00E1DB6E /* RotatedBadgeSymbol.swift */ = {isa = PBXFileReference; lastKnownFileType = sourcecode.swift; path = RotatedBadgeSymbol.swift; sourceTree = "<group>"; };
		6379A8962923509400E1DB6E /* Badge.swift */ = {isa = PBXFileReference; lastKnownFileType = sourcecode.swift; path = Badge.swift; sourceTree = "<group>"; };
		6379A8992923520400E1DB6E /* hikeData.json */ = {isa = PBXFileReference; fileEncoding = 4; lastKnownFileType = text.json; path = hikeData.json; sourceTree = "<group>"; };
		6379A89B2923524F00E1DB6E /* Hike.swift */ = {isa = PBXFileReference; lastKnownFileType = sourcecode.swift; path = Hike.swift; sourceTree = "<group>"; };
		6379A89E292354FC00E1DB6E /* GraphCapsule.swift */ = {isa = PBXFileReference; fileEncoding = 4; lastKnownFileType = sourcecode.swift; path = GraphCapsule.swift; sourceTree = "<group>"; };
		6379A89F292354FC00E1DB6E /* HikeGraph.swift */ = {isa = PBXFileReference; fileEncoding = 4; lastKnownFileType = sourcecode.swift; path = HikeGraph.swift; sourceTree = "<group>"; };
		6379A8A0292354FC00E1DB6E /* HikeDetail.swift */ = {isa = PBXFileReference; fileEncoding = 4; lastKnownFileType = sourcecode.swift; path = HikeDetail.swift; sourceTree = "<group>"; };
		6379A8A1292354FC00E1DB6E /* HikeView.swift */ = {isa = PBXFileReference; fileEncoding = 4; lastKnownFileType = sourcecode.swift; path = HikeView.swift; sourceTree = "<group>"; };
/* End PBXFileReference section */

/* Begin PBXFrameworksBuildPhase section */
		6379A8632922014900E1DB6E /* Frameworks */ = {
			isa = PBXFrameworksBuildPhase;
			buildActionMask = 2147483647;
			files = (
			);
			runOnlyForDeploymentPostprocessing = 0;
		};
/* End PBXFrameworksBuildPhase section */

/* Begin PBXGroup section */
		6379A85D2922014900E1DB6E = {
			isa = PBXGroup;
			children = (
				6379A88329221A4100E1DB6E /* Views */,
				6379A88029221A0900E1DB6E /* Resources */,
				6379A87D2922170900E1DB6E /* Model */,
				6379A8682922014900E1DB6E /* LandmarksDetail */,
				6379A8672922014900E1DB6E /* Products */,
			);
			sourceTree = "<group>";
		};
		6379A8672922014900E1DB6E /* Products */ = {
			isa = PBXGroup;
			children = (
				6379A8662922014900E1DB6E /* LandmarksDetail.app */,
			);
			name = Products;
			sourceTree = "<group>";
		};
		6379A8682922014900E1DB6E /* LandmarksDetail */ = {
			isa = PBXGroup;
			children = (
				6379A86D2922014B00E1DB6E /* Assets.xcassets */,
				6379A86F2922014B00E1DB6E /* Preview Content */,
			);
			path = LandmarksDetail;
			sourceTree = "<group>";
		};
		6379A86F2922014B00E1DB6E /* Preview Content */ = {
			isa = PBXGroup;
			children = (
				6379A8702922014B00E1DB6E /* Preview Assets.xcassets */,
			);
			path = "Preview Content";
			sourceTree = "<group>";
		};
		6379A87D2922170900E1DB6E /* Model */ = {
			isa = PBXGroup;
			children = (
				6379A87B2922170000E1DB6E /* Landmark.swift */,
				6379A87E292218F800E1DB6E /* Data.swift */,
				6379A89B2923524F00E1DB6E /* Hike.swift */,
			);
			path = Model;
			sourceTree = "<group>";
		};
		6379A88029221A0900E1DB6E /* Resources */ = {
			isa = PBXGroup;
			children = (
				6379A88129221A2800E1DB6E /* landmarkData.json */,
				6379A8992923520400E1DB6E /* hikeData.json */,
			);
			path = Resources;
			sourceTree = "<group>";
		};
		6379A88329221A4100E1DB6E /* Views */ = {
			isa = PBXGroup;
			children = (
				6379A8692922014900E1DB6E /* LandmarksDetailApp.swift */,
				6379A86B2922014900E1DB6E /* ContentView.swift */,
				6379A89D292354FC00E1DB6E /* Hikes */,
				6379A88D2922787F00E1DB6E /* Helpers */,
				6379A8982923518900E1DB6E /* Badges */,
				6379A88C2922785A00E1DB6E /* Landmarks */,
			);
			path = Views;
			sourceTree = "<group>";
		};
		6379A88C2922785A00E1DB6E /* Landmarks */ = {
			isa = PBXGroup;
			children = (
				6379A886292233D800E1DB6E /* LandmarkList.swift */,
				6379A88429221B3900E1DB6E /* LandmarkRow.swift */,
				6379A8882922611000E1DB6E /* LandmarkDetail.swift */,
			);
			path = Landmarks;
			sourceTree = "<group>";
		};
		6379A88D2922787F00E1DB6E /* Helpers */ = {
			isa = PBXGroup;
			children = (
				6379A87729220C2600E1DB6E /* CircleImage.swift */,
				6379A8792922119600E1DB6E /* MapView.swift */,
				6379A88A292277B900E1DB6E /* FavoriteButton.swift */,
			);
			path = Helpers;
			sourceTree = "<group>";
		};
		6379A8982923518900E1DB6E /* Badges */ = {
			isa = PBXGroup;
			children = (
				6379A88E2923261900E1DB6E /* HexagonParameters.swift */,
				6379A8902923269100E1DB6E /* BadgeBackground.swift */,
				6379A8922923463C00E1DB6E /* BadgeSymbol.swift */,
				6379A8942923474B00E1DB6E /* RotatedBadgeSymbol.swift */,
				6379A8962923509400E1DB6E /* Badge.swift */,
			);
			path = Badges;
			sourceTree = "<group>";
		};
		6379A89D292354FC00E1DB6E /* Hikes */ = {
			isa = PBXGroup;
			children = (
				6379A89E292354FC00E1DB6E /* GraphCapsule.swift */,
				6379A89F292354FC00E1DB6E /* HikeGraph.swift */,
				6379A8A0292354FC00E1DB6E /* HikeDetail.swift */,
				6379A8A1292354FC00E1DB6E /* HikeView.swift */,
			);
			path = Hikes;
			sourceTree = "<group>";
		};
/* End PBXGroup section */

/* Begin PBXNativeTarget section */
		6379A8652922014900E1DB6E /* LandmarksDetail */ = {
			isa = PBXNativeTarget;
			buildConfigurationList = 6379A8742922014B00E1DB6E /* Build configuration list for PBXNativeTarget "LandmarksDetail" */;
			buildPhases = (
				6379A8622922014900E1DB6E /* Sources */,
				6379A8632922014900E1DB6E /* Frameworks */,
				6379A8642922014900E1DB6E /* Resources */,
			);
			buildRules = (
			);
			dependencies = (
			);
			name = LandmarksDetail;
			productName = LandmarksDetail;
			productReference = 6379A8662922014900E1DB6E /* LandmarksDetail.app */;
			productType = "com.apple.product-type.application";
		};
/* End PBXNativeTarget section */

/* Begin PBXProject section */
		6379A85E2922014900E1DB6E /* Project object */ = {
			isa = PBXProject;
			attributes = {
				BuildIndependentTargetsInParallel = 1;
				LastSwiftUpdateCheck = 1400;
				LastUpgradeCheck = 1400;
				TargetAttributes = {
					6379A8652922014900E1DB6E = {
						CreatedOnToolsVersion = 14.0;
					};
				};
			};
			buildConfigurationList = 6379A8612922014900E1DB6E /* Build configuration list for PBXProject "LandmarksDetail" */;
			compatibilityVersion = "Xcode 14.0";
			developmentRegion = en;
			hasScannedForEncodings = 0;
			knownRegions = (
				en,
				Base,
			);
			mainGroup = 6379A85D2922014900E1DB6E;
			productRefGroup = 6379A8672922014900E1DB6E /* Products */;
			projectDirPath = "";
			projectRoot = "";
			targets = (
				6379A8652922014900E1DB6E /* LandmarksDetail */,
			);
		};
/* End PBXProject section */

/* Begin PBXResourcesBuildPhase section */
		6379A8642922014900E1DB6E /* Resources */ = {
			isa = PBXResourcesBuildPhase;
			buildActionMask = 2147483647;
			files = (
				6379A89A2923520400E1DB6E /* hikeData.json in Resources */,
				6379A8712922014B00E1DB6E /* Preview Assets.xcassets in Resources */,
				6379A86E2922014B00E1DB6E /* Assets.xcassets in Resources */,
				6379A88229221A2800E1DB6E /* landmarkData.json in Resources */,
			);
			runOnlyForDeploymentPostprocessing = 0;
		};
/* End PBXResourcesBuildPhase section */

/* Begin PBXSourcesBuildPhase section */
		6379A8622922014900E1DB6E /* Sources */ = {
			isa = PBXSourcesBuildPhase;
			buildActionMask = 2147483647;
			files = (
				6379A86C2922014900E1DB6E /* ContentView.swift in Sources */,
				6379A8A3292354FC00E1DB6E /* HikeGraph.swift in Sources */,
				6379A8972923509400E1DB6E /* Badge.swift in Sources */,
				6379A87F292218F800E1DB6E /* Data.swift in Sources */,
				6379A8A2292354FC00E1DB6E /* GraphCapsule.swift in Sources */,
				6379A87A2922119600E1DB6E /* MapView.swift in Sources */,
				6379A88B292277B900E1DB6E /* FavoriteButton.swift in Sources */,
				6379A8A4292354FC00E1DB6E /* HikeDetail.swift in Sources */,
				6379A88F2923261900E1DB6E /* HexagonParameters.swift in Sources */,
				6379A89C2923524F00E1DB6E /* Hike.swift in Sources */,
				6379A8952923474B00E1DB6E /* RotatedBadgeSymbol.swift in Sources */,
				6379A8932923463C00E1DB6E /* BadgeSymbol.swift in Sources */,
				6379A887292233D800E1DB6E /* LandmarkList.swift in Sources */,
				6379A8A5292354FC00E1DB6E /* HikeView.swift in Sources */,
				6379A8892922611000E1DB6E /* LandmarkDetail.swift in Sources */,
				6379A8912923269100E1DB6E /* BadgeBackground.swift in Sources */,
				6379A86A2922014900E1DB6E /* LandmarksDetailApp.swift in Sources */,
				6379A87829220C2600E1DB6E /* CircleImage.swift in Sources */,
				6379A88529221B3900E1DB6E /* LandmarkRow.swift in Sources */,
				6379A87C2922170000E1DB6E /* Landmark.swift in Sources */,
			);
			runOnlyForDeploymentPostprocessing = 0;
		};
/* End PBXSourcesBuildPhase section */

/* Begin XCBuildConfiguration section */
		6379A8722922014B00E1DB6E /* Debug */ = {
			isa = XCBuildConfiguration;
			buildSettings = {
				ALWAYS_SEARCH_USER_PATHS = NO;
				CLANG_ANALYZER_NONNULL = YES;
				CLANG_ANALYZER_NUMBER_OBJECT_CONVERSION = YES_AGGRESSIVE;
				CLANG_CXX_LANGUAGE_STANDARD = "gnu++20";
				CLANG_ENABLE_MODULES = YES;
				CLANG_ENABLE_OBJC_ARC = YES;
				CLANG_ENABLE_OBJC_WEAK = YES;
				CLANG_WARN_BLOCK_CAPTURE_AUTORELEASING = YES;
				CLANG_WARN_BOOL_CONVERSION = YES;
				CLANG_WARN_COMMA = YES;
				CLANG_WARN_CONSTANT_CONVERSION = YES;
				CLANG_WARN_DEPRECATED_OBJC_IMPLEMENTATIONS = YES;
				CLANG_WARN_DIRECT_OBJC_ISA_USAGE = YES_ERROR;
				CLANG_WARN_DOCUMENTATION_COMMENTS = YES;
				CLANG_WARN_EMPTY_BODY = YES;
				CLANG_WARN_ENUM_CONVERSION = YES;
				CLANG_WARN_INFINITE_RECURSION = YES;
				CLANG_WARN_INT_CONVERSION = YES;
				CLANG_WARN_NON_LITERAL_NULL_CONVERSION = YES;
				CLANG_WARN_OBJC_IMPLICIT_RETAIN_SELF = YES;
				CLANG_WARN_OBJC_LITERAL_CONVERSION = YES;
				CLANG_WARN_OBJC_ROOT_CLASS = YES_ERROR;
				CLANG_WARN_QUOTED_INCLUDE_IN_FRAMEWORK_HEADER = YES;
				CLANG_WARN_RANGE_LOOP_ANALYSIS = YES;
				CLANG_WARN_STRICT_PROTOTYPES = YES;
				CLANG_WARN_SUSPICIOUS_MOVE = YES;
				CLANG_WARN_UNGUARDED_AVAILABILITY = YES_AGGRESSIVE;
				CLANG_WARN_UNREACHABLE_CODE = YES;
				CLANG_WARN__DUPLICATE_METHOD_MATCH = YES;
				COPY_PHASE_STRIP = NO;
				DEBUG_INFORMATION_FORMAT = dwarf;
				ENABLE_STRICT_OBJC_MSGSEND = YES;
				ENABLE_TESTABILITY = YES;
				GCC_C_LANGUAGE_STANDARD = gnu11;
				GCC_DYNAMIC_NO_PIC = NO;
				GCC_NO_COMMON_BLOCKS = YES;
				GCC_OPTIMIZATION_LEVEL = 0;
				GCC_PREPROCESSOR_DEFINITIONS = (
					"DEBUG=1",
					"$(inherited)",
				);
				GCC_WARN_64_TO_32_BIT_CONVERSION = YES;
				GCC_WARN_ABOUT_RETURN_TYPE = YES_ERROR;
				GCC_WARN_UNDECLARED_SELECTOR = YES;
				GCC_WARN_UNINITIALIZED_AUTOS = YES_AGGRESSIVE;
				GCC_WARN_UNUSED_FUNCTION = YES;
				GCC_WARN_UNUSED_VARIABLE = YES;
				IPHONEOS_DEPLOYMENT_TARGET = 16.0;
				MTL_ENABLE_DEBUG_INFO = INCLUDE_SOURCE;
				MTL_FAST_MATH = YES;
				ONLY_ACTIVE_ARCH = YES;
				SDKROOT = iphoneos;
				SWIFT_ACTIVE_COMPILATION_CONDITIONS = DEBUG;
				SWIFT_OPTIMIZATION_LEVEL = "-Onone";
			};
			name = Debug;
		};
		6379A8732922014B00E1DB6E /* Release */ = {
			isa = XCBuildConfiguration;
			buildSettings = {
				ALWAYS_SEARCH_USER_PATHS = NO;
				CLANG_ANALYZER_NONNULL = YES;
				CLANG_ANALYZER_NUMBER_OBJECT_CONVERSION = YES_AGGRESSIVE;
				CLANG_CXX_LANGUAGE_STANDARD = "gnu++20";
				CLANG_ENABLE_MODULES = YES;
				CLANG_ENABLE_OBJC_ARC = YES;
				CLANG_ENABLE_OBJC_WEAK = YES;
				CLANG_WARN_BLOCK_CAPTURE_AUTORELEASING = YES;
				CLANG_WARN_BOOL_CONVERSION = YES;
				CLANG_WARN_COMMA = YES;
				CLANG_WARN_CONSTANT_CONVERSION = YES;
				CLANG_WARN_DEPRECATED_OBJC_IMPLEMENTATIONS = YES;
				CLANG_WARN_DIRECT_OBJC_ISA_USAGE = YES_ERROR;
				CLANG_WARN_DOCUMENTATION_COMMENTS = YES;
				CLANG_WARN_EMPTY_BODY = YES;
				CLANG_WARN_ENUM_CONVERSION = YES;
				CLANG_WARN_INFINITE_RECURSION = YES;
				CLANG_WARN_INT_CONVERSION = YES;
				CLANG_WARN_NON_LITERAL_NULL_CONVERSION = YES;
				CLANG_WARN_OBJC_IMPLICIT_RETAIN_SELF = YES;
				CLANG_WARN_OBJC_LITERAL_CONVERSION = YES;
				CLANG_WARN_OBJC_ROOT_CLASS = YES_ERROR;
				CLANG_WARN_QUOTED_INCLUDE_IN_FRAMEWORK_HEADER = YES;
				CLANG_WARN_RANGE_LOOP_ANALYSIS = YES;
				CLANG_WARN_STRICT_PROTOTYPES = YES;
				CLANG_WARN_SUSPICIOUS_MOVE = YES;
				CLANG_WARN_UNGUARDED_AVAILABILITY = YES_AGGRESSIVE;
				CLANG_WARN_UNREACHABLE_CODE = YES;
				CLANG_WARN__DUPLICATE_METHOD_MATCH = YES;
				COPY_PHASE_STRIP = NO;
				DEBUG_INFORMATION_FORMAT = "dwarf-with-dsym";
				ENABLE_NS_ASSERTIONS = NO;
				ENABLE_STRICT_OBJC_MSGSEND = YES;
				GCC_C_LANGUAGE_STANDARD = gnu11;
				GCC_NO_COMMON_BLOCKS = YES;
				GCC_WARN_64_TO_32_BIT_CONVERSION = YES;
				GCC_WARN_ABOUT_RETURN_TYPE = YES_ERROR;
				GCC_WARN_UNDECLARED_SELECTOR = YES;
				GCC_WARN_UNINITIALIZED_AUTOS = YES_AGGRESSIVE;
				GCC_WARN_UNUSED_FUNCTION = YES;
				GCC_WARN_UNUSED_VARIABLE = YES;
				IPHONEOS_DEPLOYMENT_TARGET = 16.0;
				MTL_ENABLE_DEBUG_INFO = NO;
				MTL_FAST_MATH = YES;
				SDKROOT = iphoneos;
				SWIFT_COMPILATION_MODE = wholemodule;
				SWIFT_OPTIMIZATION_LEVEL = "-O";
				VALIDATE_PRODUCT = YES;
			};
			name = Release;
		};
		6379A8752922014B00E1DB6E /* Debug */ = {
			isa = XCBuildConfiguration;
			buildSettings = {
				ASSETCATALOG_COMPILER_APPICON_NAME = AppIcon;
				ASSETCATALOG_COMPILER_GLOBAL_ACCENT_COLOR_NAME = AccentColor;
				CODE_SIGN_STYLE = Automatic;
				CURRENT_PROJECT_VERSION = 1;
				DEVELOPMENT_ASSET_PATHS = "\"LandmarksDetail/Preview Content\"";
				ENABLE_PREVIEWS = YES;
				GENERATE_INFOPLIST_FILE = YES;
				INFOPLIST_KEY_UIApplicationSceneManifest_Generation = YES;
				INFOPLIST_KEY_UIApplicationSupportsIndirectInputEvents = YES;
				INFOPLIST_KEY_UILaunchScreen_Generation = YES;
				INFOPLIST_KEY_UISupportedInterfaceOrientations_iPad = "UIInterfaceOrientationPortrait UIInterfaceOrientationPortraitUpsideDown UIInterfaceOrientationLandscapeLeft UIInterfaceOrientationLandscapeRight";
				INFOPLIST_KEY_UISupportedInterfaceOrientations_iPhone = "UIInterfaceOrientationPortrait UIInterfaceOrientationLandscapeLeft UIInterfaceOrientationLandscapeRight";
				LD_RUNPATH_SEARCH_PATHS = (
					"$(inherited)",
					"@executable_path/Frameworks",
				);
				MARKETING_VERSION = 1.0;
				PRODUCT_BUNDLE_IDENTIFIER = kr.co.hemg2.LandmarksDetail;
				PRODUCT_NAME = "$(TARGET_NAME)";
				SWIFT_EMIT_LOC_STRINGS = YES;
				SWIFT_VERSION = 5.0;
				TARGETED_DEVICE_FAMILY = "1,2";
			};
			name = Debug;
		};
		6379A8762922014B00E1DB6E /* Release */ = {
			isa = XCBuildConfiguration;
			buildSettings = {
				ASSETCATALOG_COMPILER_APPICON_NAME = AppIcon;
				ASSETCATALOG_COMPILER_GLOBAL_ACCENT_COLOR_NAME = AccentColor;
				CODE_SIGN_STYLE = Automatic;
				CURRENT_PROJECT_VERSION = 1;
				DEVELOPMENT_ASSET_PATHS = "\"LandmarksDetail/Preview Content\"";
				ENABLE_PREVIEWS = YES;
				GENERATE_INFOPLIST_FILE = YES;
				INFOPLIST_KEY_UIApplicationSceneManifest_Generation = YES;
				INFOPLIST_KEY_UIApplicationSupportsIndirectInputEvents = YES;
				INFOPLIST_KEY_UILaunchScreen_Generation = YES;
				INFOPLIST_KEY_UISupportedInterfaceOrientations_iPad = "UIInterfaceOrientationPortrait UIInterfaceOrientationPortraitUpsideDown UIInterfaceOrientationLandscapeLeft UIInterfaceOrientationLandscapeRight";
				INFOPLIST_KEY_UISupportedInterfaceOrientations_iPhone = "UIInterfaceOrientationPortrait UIInterfaceOrientationLandscapeLeft UIInterfaceOrientationLandscapeRight";
				LD_RUNPATH_SEARCH_PATHS = (
					"$(inherited)",
					"@executable_path/Frameworks",
				);
				MARKETING_VERSION = 1.0;
				PRODUCT_BUNDLE_IDENTIFIER = kr.co.hemg2.LandmarksDetail;
				PRODUCT_NAME = "$(TARGET_NAME)";
				SWIFT_EMIT_LOC_STRINGS = YES;
				SWIFT_VERSION = 5.0;
				TARGETED_DEVICE_FAMILY = "1,2";
			};
			name = Release;
		};
/* End XCBuildConfiguration section */

/* Begin XCConfigurationList section */
		6379A8612922014900E1DB6E /* Build configuration list for PBXProject "LandmarksDetail" */ = {
			isa = XCConfigurationList;
			buildConfigurations = (
				6379A8722922014B00E1DB6E /* Debug */,
				6379A8732922014B00E1DB6E /* Release */,
			);
			defaultConfigurationIsVisible = 0;
			defaultConfigurationName = Release;
		};
		6379A8742922014B00E1DB6E /* Build configuration list for PBXNativeTarget "LandmarksDetail" */ = {
			isa = XCConfigurationList;
			buildConfigurations = (
				6379A8752922014B00E1DB6E /* Debug */,
				6379A8762922014B00E1DB6E /* Release */,
			);
			defaultConfigurationIsVisible = 0;
			defaultConfigurationName = Release;
		};
/* End XCConfigurationList section */
	};
	rootObject = 6379A85E2922014900E1DB6E /* Project object */;
}
